// !$*UTF8*$!
{
	archiveVersion = 1;
	classes = {
	};
	objectVersion = 50;
	objects = {

/* Begin PBXBuildFile section */
		CD742A01266DD8B0006B460D /* SwiftUILifeCycleApp.swift in Sources */ = {isa = PBXBuildFile; fileRef = CD742A00266DD8B0006B460D /* SwiftUILifeCycleApp.swift */; };
		CD742A03266DD8B0006B460D /* ContentView.swift in Sources */ = {isa = PBXBuildFile; fileRef = CD742A02266DD8B0006B460D /* ContentView.swift */; };
		CD742A05266DD8B4006B460D /* Assets.xcassets in Resources */ = {isa = PBXBuildFile; fileRef = CD742A04266DD8B4006B460D /* Assets.xcassets */; };
		CD742A08266DD8B4006B460D /* Preview Assets.xcassets in Resources */ = {isa = PBXBuildFile; fileRef = CD742A07266DD8B4006B460D /* Preview Assets.xcassets */; };
		CD742A13266DDA73006B460D /* LifeCycleViewMdoel.swift in Sources */ = {isa = PBXBuildFile; fileRef = CD742A12266DDA73006B460D /* LifeCycleViewMdoel.swift */; };
		CD742A15266DEB3B006B460D /* FirstView.swift in Sources */ = {isa = PBXBuildFile; fileRef = CD742A14266DEB3B006B460D /* FirstView.swift */; };
		CD742A17266DEB7B006B460D /* SecondView.swift in Sources */ = {isa = PBXBuildFile; fileRef = CD742A16266DEB7B006B460D /* SecondView.swift */; };
/* End PBXBuildFile section */

/* Begin PBXFileReference section */
		CD7429FD266DD8B0006B460D /* SwiftUILifeCycle.app */ = {isa = PBXFileReference; explicitFileType = wrapper.application; includeInIndex = 0; path = SwiftUILifeCycle.app; sourceTree = BUILT_PRODUCTS_DIR; };
		CD742A00266DD8B0006B460D /* SwiftUILifeCycleApp.swift */ = {isa = PBXFileReference; lastKnownFileType = sourcecode.swift; path = SwiftUILifeCycleApp.swift; sourceTree = "<group>"; };
		CD742A02266DD8B0006B460D /* ContentView.swift */ = {isa = PBXFileReference; lastKnownFileType = sourcecode.swift; path = ContentView.swift; sourceTree = "<group>"; };
		CD742A04266DD8B4006B460D /* Assets.xcassets */ = {isa = PBXFileReference; lastKnownFileType = folder.assetcatalog; path = Assets.xcassets; sourceTree = "<group>"; };
		CD742A07266DD8B4006B460D /* Preview Assets.xcassets */ = {isa = PBXFileReference; lastKnownFileType = folder.assetcatalog; path = "Preview Assets.xcassets"; sourceTree = "<group>"; };
		CD742A09266DD8B4006B460D /* Info.plist */ = {isa = PBXFileReference; lastKnownFileType = text.plist.xml; path = Info.plist; sourceTree = "<group>"; };
		CD742A12266DDA73006B460D /* LifeCycleViewMdoel.swift */ = {isa = PBXFileReference; lastKnownFileType = sourcecode.swift; path = LifeCycleViewMdoel.swift; sourceTree = "<group>"; };
		CD742A14266DEB3B006B460D /* FirstView.swift */ = {isa = PBXFileReference; lastKnownFileType = sourcecode.swift; path = FirstView.swift; sourceTree = "<group>"; };
		CD742A16266DEB7B006B460D /* SecondView.swift */ = {isa = PBXFileReference; lastKnownFileType = sourcecode.swift; path = SecondView.swift; sourceTree = "<group>"; };
/* End PBXFileReference section */

/* Begin PBXFrameworksBuildPhase section */
		CD7429FA266DD8B0006B460D /* Frameworks */ = {
			isa = PBXFrameworksBuildPhase;
			buildActionMask = 2147483647;
			files = (
			);
			runOnlyForDeploymentPostprocessing = 0;
		};
/* End PBXFrameworksBuildPhase section */

/* Begin PBXGroup section */
		CD7429F4266DD8B0006B460D = {
			isa = PBXGroup;
			children = (
				CD7429FF266DD8B0006B460D /* SwiftUILifeCycle */,
				CD7429FE266DD8B0006B460D /* Products */,
			);
			sourceTree = "<group>";
		};
		CD7429FE266DD8B0006B460D /* Products */ = {
			isa = PBXGroup;
			children = (
				CD7429FD266DD8B0006B460D /* SwiftUILifeCycle.app */,
			);
			name = Products;
			sourceTree = "<group>";
		};
		CD7429FF266DD8B0006B460D /* SwiftUILifeCycle */ = {
			isa = PBXGroup;
			children = (
				CD742A00266DD8B0006B460D /* SwiftUILifeCycleApp.swift */,
				CD742A11266DD952006B460D /* Views */,
				CD742A10266DD94C006B460D /* ViewModels */,
				CD742A0F266DD940006B460D /* Models */,
				CD742A04266DD8B4006B460D /* Assets.xcassets */,
				CD742A09266DD8B4006B460D /* Info.plist */,
				CD742A06266DD8B4006B460D /* Preview Content */,
			);
			path = SwiftUILifeCycle;
			sourceTree = "<group>";
		};
		CD742A06266DD8B4006B460D /* Preview Content */ = {
			isa = PBXGroup;
			children = (
				CD742A07266DD8B4006B460D /* Preview Assets.xcassets */,
			);
			path = "Preview Content";
			sourceTree = "<group>";
		};
		CD742A0F266DD940006B460D /* Models */ = {
			isa = PBXGroup;
			children = (
			);
			path = Models;
			sourceTree = "<group>";
		};
		CD742A10266DD94C006B460D /* ViewModels */ = {
			isa = PBXGroup;
			children = (
				CD742A12266DDA73006B460D /* LifeCycleViewMdoel.swift */,
			);
			path = ViewModels;
			sourceTree = "<group>";
		};
		CD742A11266DD952006B460D /* Views */ = {
			isa = PBXGroup;
			children = (
				CD742A02266DD8B0006B460D /* ContentView.swift */,
				CD742A14266DEB3B006B460D /* FirstView.swift */,
				CD742A16266DEB7B006B460D /* SecondView.swift */,
			);
			path = Views;
			sourceTree = "<group>";
		};
/* End PBXGroup section */

/* Begin PBXNativeTarget section */
		CD7429FC266DD8B0006B460D /* SwiftUILifeCycle */ = {
			isa = PBXNativeTarget;
			buildConfigurationList = CD742A0C266DD8B4006B460D /* Build configuration list for PBXNativeTarget "SwiftUILifeCycle" */;
			buildPhases = (
				CD7429F9266DD8B0006B460D /* Sources */,
				CD7429FA266DD8B0006B460D /* Frameworks */,
				CD7429FB266DD8B0006B460D /* Resources */,
			);
			buildRules = (
			);
			dependencies = (
			);
			name = SwiftUILifeCycle;
			productName = SwiftUILifeCycle;
			productReference = CD7429FD266DD8B0006B460D /* SwiftUILifeCycle.app */;
			productType = "com.apple.product-type.application";
		};
/* End PBXNativeTarget section */

/* Begin PBXProject section */
		CD7429F5266DD8B0006B460D /* Project object */ = {
			isa = PBXProject;
			attributes = {
				LastSwiftUpdateCheck = 1250;
				LastUpgradeCheck = 1250;
				TargetAttributes = {
					CD7429FC266DD8B0006B460D = {
						CreatedOnToolsVersion = 12.5;
					};
				};
			};
			buildConfigurationList = CD7429F8266DD8B0006B460D /* Build configuration list for PBXProject "SwiftUILifeCycle" */;
			compatibilityVersion = "Xcode 9.3";
			developmentRegion = en;
			hasScannedForEncodings = 0;
			knownRegions = (
				en,
				Base,
			);
			mainGroup = CD7429F4266DD8B0006B460D;
			productRefGroup = CD7429FE266DD8B0006B460D /* Products */;
			projectDirPath = "";
			projectRoot = "";
			targets = (
				CD7429FC266DD8B0006B460D /* SwiftUILifeCycle */,
			);
		};
/* End PBXProject section */

/* Begin PBXResourcesBuildPhase section */
		CD7429FB266DD8B0006B460D /* Resources */ = {
			isa = PBXResourcesBuildPhase;
			buildActionMask = 2147483647;
			files = (
				CD742A08266DD8B4006B460D /* Preview Assets.xcassets in Resources */,
				CD742A05266DD8B4006B460D /* Assets.xcassets in Resources */,
			);
			runOnlyForDeploymentPostprocessing = 0;
		};
/* End PBXResourcesBuildPhase section */

/* Begin PBXSourcesBuildPhase section */
		CD7429F9266DD8B0006B460D /* Sources */ = {
			isa = PBXSourcesBuildPhase;
			buildActionMask = 2147483647;
			files = (
				CD742A03266DD8B0006B460D /* ContentView.swift in Sources */,
				CD742A17266DEB7B006B460D /* SecondView.swift in Sources */,
				CD742A15266DEB3B006B460D /* FirstView.swift in Sources */,
				CD742A13266DDA73006B460D /* LifeCycleViewMdoel.swift in Sources */,
				CD742A01266DD8B0006B460D /* SwiftUILifeCycleApp.swift in Sources */,
			);
			runOnlyForDeploymentPostprocessing = 0;
		};
/* End PBXSourcesBuildPhase section */

/* Begin XCBuildConfiguration section */
		CD742A0A266DD8B4006B460D /* Debug */ = {
			isa = XCBuildConfiguration;
			buildSettings = {
				ALWAYS_SEARCH_USER_PATHS = NO;
				CLANG_ANALYZER_NONNULL = YES;
				CLANG_ANALYZER_NUMBER_OBJECT_CONVERSION = YES_AGGRESSIVE;
				CLANG_CXX_LANGUAGE_STANDARD = "gnu++14";
				CLANG_CXX_LIBRARY = "libc++";
				CLANG_ENABLE_MODULES = YES;
				CLANG_ENABLE_OBJC_ARC = YES;
				CLANG_ENABLE_OBJC_WEAK = YES;
				CLANG_WARN_BLOCK_CAPTURE_AUTORELEASING = YES;
				CLANG_WARN_BOOL_CONVERSION = YES;
				CLANG_WARN_COMMA = YES;
				CLANG_WARN_CONSTANT_CONVERSION = YES;
				CLANG_WARN_DEPRECATED_OBJC_IMPLEMENTATIONS = YES;
				CLANG_WARN_DIRECT_OBJC_ISA_USAGE = YES_ERROR;
				CLANG_WARN_DOCUMENTATION_COMMENTS = YES;
				CLANG_WARN_EMPTY_BODY = YES;
				CLANG_WARN_ENUM_CONVERSION = YES;
				CLANG_WARN_INFINITE_RECURSION = YES;
				CLANG_WARN_INT_CONVERSION = YES;
				CLANG_WARN_NON_LITERAL_NULL_CONVERSION = YES;
				CLANG_WARN_OBJC_IMPLICIT_RETAIN_SELF = YES;
				CLANG_WARN_OBJC_LITERAL_CONVERSION = YES;
				CLANG_WARN_OBJC_ROOT_CLASS = YES_ERROR;
				CLANG_WARN_QUOTED_INCLUDE_IN_FRAMEWORK_HEADER = YES;
				CLANG_WARN_RANGE_LOOP_ANALYSIS = YES;
				CLANG_WARN_STRICT_PROTOTYPES = YES;
				CLANG_WARN_SUSPICIOUS_MOVE = YES;
				CLANG_WARN_UNGUARDED_AVAILABILITY = YES_AGGRESSIVE;
				CLANG_WARN_UNREACHABLE_CODE = YES;
				CLANG_WARN__DUPLICATE_METHOD_MATCH = YES;
				COPY_PHASE_STRIP = NO;
				DEBUG_INFORMATION_FORMAT = dwarf;
				ENABLE_STRICT_OBJC_MSGSEND = YES;
				ENABLE_TESTABILITY = YES;
				GCC_C_LANGUAGE_STANDARD = gnu11;
				GCC_DYNAMIC_NO_PIC = NO;
				GCC_NO_COMMON_BLOCKS = YES;
				GCC_OPTIMIZATION_LEVEL = 0;
				GCC_PREPROCESSOR_DEFINITIONS = (
					"DEBUG=1",
					"$(inherited)",
				);
				GCC_WARN_64_TO_32_BIT_CONVERSION = YES;
				GCC_WARN_ABOUT_RETURN_TYPE = YES_ERROR;
				GCC_WARN_UNDECLARED_SELECTOR = YES;
				GCC_WARN_UNINITIALIZED_AUTOS = YES_AGGRESSIVE;
				GCC_WARN_UNUSED_FUNCTION = YES;
				GCC_WARN_UNUSED_VARIABLE = YES;
				IPHONEOS_DEPLOYMENT_TARGET = 14.5;
				MTL_ENABLE_DEBUG_INFO = INCLUDE_SOURCE;
				MTL_FAST_MATH = YES;
				ONLY_ACTIVE_ARCH = YES;
				SDKROOT = iphoneos;
				SWIFT_ACTIVE_COMPILATION_CONDITIONS = DEBUG;
				SWIFT_OPTIMIZATION_LEVEL = "-Onone";
			};
			name = Debug;
		};
		CD742A0B266DD8B4006B460D /* Release */ = {
			isa = XCBuildConfiguration;
			buildSettings = {
				ALWAYS_SEARCH_USER_PATHS = NO;
				CLANG_ANALYZER_NONNULL = YES;
				CLANG_ANALYZER_NUMBER_OBJECT_CONVERSION = YES_AGGRESSIVE;
				CLANG_CXX_LANGUAGE_STANDARD = "gnu++14";
				CLANG_CXX_LIBRARY = "libc++";
				CLANG_ENABLE_MODULES = YES;
				CLANG_ENABLE_OBJC_ARC = YES;
				CLANG_ENABLE_OBJC_WEAK = YES;
				CLANG_WARN_BLOCK_CAPTURE_AUTORELEASING = YES;
				CLANG_WARN_BOOL_CONVERSION = YES;
				CLANG_WARN_COMMA = YES;
				CLANG_WARN_CONSTANT_CONVERSION = YES;
				CLANG_WARN_DEPRECATED_OBJC_IMPLEMENTATIONS = YES;
				CLANG_WARN_DIRECT_OBJC_ISA_USAGE = YES_ERROR;
				CLANG_WARN_DOCUMENTATION_COMMENTS = YES;
				CLANG_WARN_EMPTY_BODY = YES;
				CLANG_WARN_ENUM_CONVERSION = YES;
				CLANG_WARN_INFINITE_RECURSION = YES;
				CLANG_WARN_INT_CONVERSION = YES;
				CLANG_WARN_NON_LITERAL_NULL_CONVERSION = YES;
				CLANG_WARN_OBJC_IMPLICIT_RETAIN_SELF = YES;
				CLANG_WARN_OBJC_LITERAL_CONVERSION = YES;
				CLANG_WARN_OBJC_ROOT_CLASS = YES_ERROR;
				CLANG_WARN_QUOTED_INCLUDE_IN_FRAMEWORK_HEADER = YES;
				CLANG_WARN_RANGE_LOOP_ANALYSIS = YES;
				CLANG_WARN_STRICT_PROTOTYPES = YES;
				CLANG_WARN_SUSPICIOUS_MOVE = YES;
				CLANG_WARN_UNGUARDED_AVAILABILITY = YES_AGGRESSIVE;
				CLANG_WARN_UNREACHABLE_CODE = YES;
				CLANG_WARN__DUPLICATE_METHOD_MATCH = YES;
				COPY_PHASE_STRIP = NO;
				DEBUG_INFORMATION_FORMAT = "dwarf-with-dsym";
				ENABLE_NS_ASSERTIONS = NO;
				ENABLE_STRICT_OBJC_MSGSEND = YES;
				GCC_C_LANGUAGE_STANDARD = gnu11;
				GCC_NO_COMMON_BLOCKS = YES;
				GCC_WARN_64_TO_32_BIT_CONVERSION = YES;
				GCC_WARN_ABOUT_RETURN_TYPE = YES_ERROR;
				GCC_WARN_UNDECLARED_SELECTOR = YES;
				GCC_WARN_UNINITIALIZED_AUTOS = YES_AGGRESSIVE;
				GCC_WARN_UNUSED_FUNCTION = YES;
				GCC_WARN_UNUSED_VARIABLE = YES;
				IPHONEOS_DEPLOYMENT_TARGET = 14.5;
				MTL_ENABLE_DEBUG_INFO = NO;
				MTL_FAST_MATH = YES;
				SDKROOT = iphoneos;
				SWIFT_COMPILATION_MODE = wholemodule;
				SWIFT_OPTIMIZATION_LEVEL = "-O";
				VALIDATE_PRODUCT = YES;
			};
			name = Release;
		};
		CD742A0D266DD8B4006B460D /* Debug */ = {
			isa = XCBuildConfiguration;
			buildSettings = {
				ASSETCATALOG_COMPILER_APPICON_NAME = AppIcon;
				ASSETCATALOG_COMPILER_GLOBAL_ACCENT_COLOR_NAME = AccentColor;
				CODE_SIGN_STYLE = Automatic;
				DEVELOPMENT_ASSET_PATHS = "\"SwiftUILifeCycle/Preview Content\"";
				DEVELOPMENT_TEAM = 693P93E2N6;
				ENABLE_PREVIEWS = YES;
				INFOPLIST_FILE = SwiftUILifeCycle/Info.plist;
				IPHONEOS_DEPLOYMENT_TARGET = 14.0;
				LD_RUNPATH_SEARCH_PATHS = (
					"$(inherited)",
					"@executable_path/Frameworks",
				);
				PRODUCT_BUNDLE_IDENTIFIER = com.trueddns.homenano.SwiftUILifeCycle;
				PRODUCT_NAME = "$(TARGET_NAME)";
				SWIFT_VERSION = 5.0;
				TARGETED_DEVICE_FAMILY = "1,2";
			};
			name = Debug;
		};
		CD742A0E266DD8B4006B460D /* Release */ = {
			isa = XCBuildConfiguration;
			buildSettings = {
				ASSETCATALOG_COMPILER_APPICON_NAME = AppIcon;
				ASSETCATALOG_COMPILER_GLOBAL_ACCENT_COLOR_NAME = AccentColor;
				CODE_SIGN_STYLE = Automatic;
				DEVELOPMENT_ASSET_PATHS = "\"SwiftUILifeCycle/Preview Content\"";
				DEVELOPMENT_TEAM = 693P93E2N6;
				ENABLE_PREVIEWS = YES;
				INFOPLIST_FILE = SwiftUILifeCycle/Info.plist;
				IPHONEOS_DEPLOYMENT_TARGET = 14.0;
				LD_RUNPATH_SEARCH_PATHS = (
					"$(inherited)",
					"@executable_path/Frameworks",
				);
				PRODUCT_BUNDLE_IDENTIFIER = com.trueddns.homenano.SwiftUILifeCycle;
				PRODUCT_NAME = "$(TARGET_NAME)";
				SWIFT_VERSION = 5.0;
				TARGETED_DEVICE_FAMILY = "1,2";
			};
			name = Release;
		};
/* End XCBuildConfiguration section */

/* Begin XCConfigurationList section */
		CD7429F8266DD8B0006B460D /* Build configuration list for PBXProject "SwiftUILifeCycle" */ = {
			isa = XCConfigurationList;
			buildConfigurations = (
				CD742A0A266DD8B4006B460D /* Debug */,
				CD742A0B266DD8B4006B460D /* Release */,
			);
			defaultConfigurationIsVisible = 0;
			defaultConfigurationName = Release;
		};
		CD742A0C266DD8B4006B460D /* Build configuration list for PBXNativeTarget "SwiftUILifeCycle" */ = {
			isa = XCConfigurationList;
			buildConfigurations = (
				CD742A0D266DD8B4006B460D /* Debug */,
				CD742A0E266DD8B4006B460D /* Release */,
			);
			defaultConfigurationIsVisible = 0;
			defaultConfigurationName = Release;
		};
/* End XCConfigurationList section */
	};
	rootObject = CD7429F5266DD8B0006B460D /* Project object */;
}
